
Microsoft Visual Studio Solution File, Format Version 12.00
# Visual Studio 2013
VisualStudioVersion = 12.0.31101.0
MinimumVisualStudioVersion = 10.0.40219.1
Project("{FAE04EC0-301F-11D3-BF4B-00C04F79EFBC}") = "memamjome.gamesys", "memamjome.gamesys\memamjome.gamesys.csproj", "{610750DE-929D-42E6-B050-2F75A2EC2AE2}"
EndProject
Project("{FAE04EC0-301F-11D3-BF4B-00C04F79EFBC}") = "memamjome.Test.gamesys", "memamjome.Test.gamesys\memamjome.Test.gamesys.csproj", "{864B8A83-E056-493D-91B4-ABF96A6D3676}"
EndProject
Global
	GlobalSection(SolutionConfigurationPlatforms) = preSolution
		Debug|Any CPU = Debug|Any CPU
		Release|Any CPU = Release|Any CPU
	EndGlobalSection
	GlobalSection(ProjectConfigurationPlatforms) = postSolution
		{610750DE-929D-42E6-B050-2F75A2EC2AE2}.Debug|Any CPU.ActiveCfg = Debug|Any CPU
		{610750DE-929D-42E6-B050-2F75A2EC2AE2}.Debug|Any CPU.Build.0 = Debug|Any CPU
		{610750DE-929D-42E6-B050-2F75A2EC2AE2}.Release|Any CPU.ActiveCfg = Release|Any CPU
		{610750DE-929D-42E6-B050-2F75A2EC2AE2}.Release|Any CPU.Build.0 = Release|Any CPU
		{864B8A83-E056-493D-91B4-ABF96A6D3676}.Debug|Any CPU.ActiveCfg = Debug|Any CPU
		{864B8A83-E056-493D-91B4-ABF96A6D3676}.Debug|Any CPU.Build.0 = Debug|Any CPU
		{864B8A83-E056-493D-91B4-ABF96A6D3676}.Release|Any CPU.ActiveCfg = Release|Any CPU
		{864B8A83-E056-493D-91B4-ABF96A6D3676}.Release|Any CPU.Build.0 = Release|Any CPU
	EndGlobalSection
	GlobalSection(SolutionProperties) = preSolution
		HideSolutionNode = FALSE
	EndGlobalSection
EndGlobal
